
Microsoft Visual Studio Solution File, Format Version 12.00
# Visual Studio Version 17
VisualStudioVersion = 17.14.36623.8 d17.14
MinimumVisualStudioVersion = 10.0.40219.1
Project("{FAE04EC0-301F-11D3-BF4B-00C04F79EFBC}") = "Dependency", "Dependency.csproj", "{B55AF732-AE6B-47D0-98B0-BE4098586767}"
EndProject
Project("{FAE04EC0-301F-11D3-BF4B-00C04F79EFBC}") = "InterfaceMethods", "..\InterfaceMethods\InterfaceMethods.csproj", "{0E8B660C-BB05-42F7-B6B2-F3E570798DE1}"
EndProject
Project("{FAE04EC0-301F-11D3-BF4B-00C04F79EFBC}") = "MethodImplementation", "..\MethodImplementation\MethodImplementation.csproj", "{60A1CEEE-E464-4B89-8B36-E2D13A9BD9A3}"
EndProject
Global
	GlobalSection(SolutionConfigurationPlatforms) = preSolution
		Debug|Any CPU = Debug|Any CPU
		Release|Any CPU = Release|Any CPU
	EndGlobalSection
	GlobalSection(ProjectConfigurationPlatforms) = postSolution
		{B55AF732-AE6B-47D0-98B0-BE4098586767}.Debug|Any CPU.ActiveCfg = Debug|Any CPU
		{B55AF732-AE6B-47D0-98B0-BE4098586767}.Debug|Any CPU.Build.0 = Debug|Any CPU
		{B55AF732-AE6B-47D0-98B0-BE4098586767}.Release|Any CPU.ActiveCfg = Release|Any CPU
		{B55AF732-AE6B-47D0-98B0-BE4098586767}.Release|Any CPU.Build.0 = Release|Any CPU
		{0E8B660C-BB05-42F7-B6B2-F3E570798DE1}.Debug|Any CPU.ActiveCfg = Debug|Any CPU
		{0E8B660C-BB05-42F7-B6B2-F3E570798DE1}.Debug|Any CPU.Build.0 = Debug|Any CPU
		{0E8B660C-BB05-42F7-B6B2-F3E570798DE1}.Release|Any CPU.ActiveCfg = Release|Any CPU
		{0E8B660C-BB05-42F7-B6B2-F3E570798DE1}.Release|Any CPU.Build.0 = Release|Any CPU
		{60A1CEEE-E464-4B89-8B36-E2D13A9BD9A3}.Debug|Any CPU.ActiveCfg = Debug|Any CPU
		{60A1CEEE-E464-4B89-8B36-E2D13A9BD9A3}.Debug|Any CPU.Build.0 = Debug|Any CPU
		{60A1CEEE-E464-4B89-8B36-E2D13A9BD9A3}.Release|Any CPU.ActiveCfg = Release|Any CPU
		{60A1CEEE-E464-4B89-8B36-E2D13A9BD9A3}.Release|Any CPU.Build.0 = Release|Any CPU
	EndGlobalSection
	GlobalSection(SolutionProperties) = preSolution
		HideSolutionNode = FALSE
	EndGlobalSection
	GlobalSection(ExtensibilityGlobals) = postSolution
		SolutionGuid = {39596B2D-8D0C-4CAA-A6F8-1D97CCB179FE}
	EndGlobalSection
EndGlobal
